{
  "name": "@embraceio/embrace-web-sdk",
  "version": "0.0.1",
  "lockfileVersion": 3,
  "requires": true,
  "packages": {
    "": {
      "name": "@embraceio/embrace-web-sdk",
      "version": "0.0.1",
      "license": "Apache-2.0",
      "dependencies": {
        "@opentelemetry/api": "^1.9.0",
        "@opentelemetry/sdk-trace-web": "^1.30.0"
      },
      "devDependencies": {
        "prettier": "^3.4.2"
      }
    },
    "node_modules/@opentelemetry/api": {
      "version": "1.9.0",
      "resolved": "https://registry.npmjs.org/@opentelemetry/api/-/api-1.9.0.tgz",
      "integrity": "sha512-3giAOQvZiH5F9bMlMiv8+GSPMeqg0dbaeo58/0SlA9sxSqZhnUtxzX9/2FzyhS9sWQf5S0GJE0AKBrFqjpeYcg==",
      "engines": {
        "node": ">=8.0.0"
      }
    },
    "node_modules/@opentelemetry/core": {
      "version": "1.30.0",
      "resolved": "https://registry.npmjs.org/@opentelemetry/core/-/core-1.30.0.tgz",
      "integrity": "sha512-Q/3u/K73KUjTCnFUP97ZY+pBjQ1kPEgjOfXj/bJl8zW7GbXdkw6cwuyZk6ZTXkVgCBsYRYUzx4fvYK1jxdb9MA==",
      "dependencies": {
        "@opentelemetry/semantic-conventions": "1.28.0"
      },
      "engines": {
        "node": ">=14"
      },
      "peerDependencies": {
        "@opentelemetry/api": ">=1.0.0 <1.10.0"
      }
    },
    "node_modules/@opentelemetry/resources": {
      "version": "1.30.0",
      "resolved": "https://registry.npmjs.org/@opentelemetry/resources/-/resources-1.30.0.tgz",
      "integrity": "sha512-5mGMjL0Uld/99t7/pcd7CuVtJbkARckLVuiOX84nO8RtLtIz0/J6EOHM2TGvPZ6F4K+XjUq13gMx14w80SVCQg==",
      "dependencies": {
        "@opentelemetry/core": "1.30.0",
        "@opentelemetry/semantic-conventions": "1.28.0"
      },
      "engines": {
        "node": ">=14"
      },
      "peerDependencies": {
        "@opentelemetry/api": ">=1.0.0 <1.10.0"
      }
    },
    "node_modules/@opentelemetry/sdk-trace-base": {
      "version": "1.30.0",
      "resolved": "https://registry.npmjs.org/@opentelemetry/sdk-trace-base/-/sdk-trace-base-1.30.0.tgz",
      "integrity": "sha512-RKQDaDIkV7PwizmHw+rE/FgfB2a6MBx+AEVVlAHXRG1YYxLiBpPX2KhmoB99R5vA4b72iJrjle68NDWnbrE9Dg==",
      "dependencies": {
        "@opentelemetry/core": "1.30.0",
        "@opentelemetry/resources": "1.30.0",
        "@opentelemetry/semantic-conventions": "1.28.0"
      },
      "engines": {
        "node": ">=14"
      },
      "peerDependencies": {
        "@opentelemetry/api": ">=1.0.0 <1.10.0"
      }
    },
    "node_modules/@opentelemetry/sdk-trace-web": {
      "version": "1.30.0",
      "resolved": "https://registry.npmjs.org/@opentelemetry/sdk-trace-web/-/sdk-trace-web-1.30.0.tgz",
      "integrity": "sha512-tSsPbaOQqmkfSkRkMnv1T8au2hwlv3v5ZUGmRwc7zIL1hokhZKg5qhqTsvrWvRENlZ7+J9+cXZFKIMNKHodyhQ==",
      "dependencies": {
        "@opentelemetry/core": "1.30.0",
        "@opentelemetry/sdk-trace-base": "1.30.0",
        "@opentelemetry/semantic-conventions": "1.28.0"
      },
      "engines": {
        "node": ">=14"
      },
      "peerDependencies": {
        "@opentelemetry/api": ">=1.0.0 <1.10.0"
      }
    },
    "node_modules/@opentelemetry/semantic-conventions": {
      "version": "1.28.0",
      "resolved": "https://registry.npmjs.org/@opentelemetry/semantic-conventions/-/semantic-conventions-1.28.0.tgz",
      "integrity": "sha512-lp4qAiMTD4sNWW4DbKLBkfiMZ4jbAboJIGOQr5DvciMRI494OapieI9qiODpOt0XBr1LjIDy1xAGAnVs5supTA==",
      "engines": {
        "node": ">=14"
      }
    },
    "node_modules/prettier": {
      "version": "3.4.2",
      "resolved": "https://registry.npmjs.org/prettier/-/prettier-3.4.2.tgz",
      "integrity": "sha512-e9MewbtFo+Fevyuxn/4rrcDAaq0IYxPGLvObpQjiZBMAzB9IGmzlnG9RZy3FFas+eBMu2vA0CszMeduow5dIuQ==",
      "dev": true,
      "bin": {
        "prettier": "bin/prettier.cjs"
      },
      "engines": {
        "node": ">=14"
      },
      "funding": {
        "url": "https://github.com/prettier/prettier?sponsor=1"
      }
    }
  }
}
